
Microsoft Visual Studio Solution File, Format Version 12.00
# Visual Studio Version 17
VisualStudioVersion = 17.9.34701.34
MinimumVisualStudioVersion = 10.0.40219.1
Project("{9A19103F-16F7-4668-BE54-9A1E7A4F7556}") = "VioletPOS", "VioletPOS\VioletPOS.csproj", "{87880C0F-A3B2-459C-957C-1A98D3E858F6}"
EndProject
Project("{9A19103F-16F7-4668-BE54-9A1E7A4F7556}") = "VioletPOS.Share", "VioletPOS.Share\VioletPOS.Share.csproj", "{E4313CEA-DB28-4944-8AF4-DCC6D6F919F1}"
EndProject
Project("{9A19103F-16F7-4668-BE54-9A1E7A4F7556}") = "VioletPOS.DataAccess", "VioletPOS.DataAccess\VioletPOS.DataAccess.csproj", "{E45EB9C9-C95F-4124-8B79-1FDA836F5732}"
EndProject
Project("{FAE04EC0-301F-11D3-BF4B-00C04F79EFBC}") = "VioletPOS.API", "VioletPOS.API\VioletPOS.API.csproj", "{B926F843-FB7D-4D7C-B54C-8905B956C13C}"
EndProject
Project("{FAE04EC0-301F-11D3-BF4B-00C04F79EFBC}") = "VioletPOS.Common", "VioletPOS.Common\VioletPOS.Common.csproj", "{3A0D393F-53A3-4750-8E16-4EF624A7BD75}"
EndProject
Global
	GlobalSection(SolutionConfigurationPlatforms) = preSolution
		Debug|Any CPU = Debug|Any CPU
		Release|Any CPU = Release|Any CPU
	EndGlobalSection
	GlobalSection(ProjectConfigurationPlatforms) = postSolution
		{87880C0F-A3B2-459C-957C-1A98D3E858F6}.Debug|Any CPU.ActiveCfg = Debug|Any CPU
		{87880C0F-A3B2-459C-957C-1A98D3E858F6}.Debug|Any CPU.Build.0 = Debug|Any CPU
		{87880C0F-A3B2-459C-957C-1A98D3E858F6}.Release|Any CPU.ActiveCfg = Release|Any CPU
		{87880C0F-A3B2-459C-957C-1A98D3E858F6}.Release|Any CPU.Build.0 = Release|Any CPU
		{E4313CEA-DB28-4944-8AF4-DCC6D6F919F1}.Debug|Any CPU.ActiveCfg = Debug|Any CPU
		{E4313CEA-DB28-4944-8AF4-DCC6D6F919F1}.Debug|Any CPU.Build.0 = Debug|Any CPU
		{E4313CEA-DB28-4944-8AF4-DCC6D6F919F1}.Release|Any CPU.ActiveCfg = Release|Any CPU
		{E4313CEA-DB28-4944-8AF4-DCC6D6F919F1}.Release|Any CPU.Build.0 = Release|Any CPU
		{E45EB9C9-C95F-4124-8B79-1FDA836F5732}.Debug|Any CPU.ActiveCfg = Debug|Any CPU
		{E45EB9C9-C95F-4124-8B79-1FDA836F5732}.Debug|Any CPU.Build.0 = Debug|Any CPU
		{E45EB9C9-C95F-4124-8B79-1FDA836F5732}.Release|Any CPU.ActiveCfg = Release|Any CPU
		{E45EB9C9-C95F-4124-8B79-1FDA836F5732}.Release|Any CPU.Build.0 = Release|Any CPU
		{B926F843-FB7D-4D7C-B54C-8905B956C13C}.Debug|Any CPU.ActiveCfg = Debug|Any CPU
		{B926F843-FB7D-4D7C-B54C-8905B956C13C}.Debug|Any CPU.Build.0 = Debug|Any CPU
		{B926F843-FB7D-4D7C-B54C-8905B956C13C}.Release|Any CPU.ActiveCfg = Release|Any CPU
		{B926F843-FB7D-4D7C-B54C-8905B956C13C}.Release|Any CPU.Build.0 = Release|Any CPU
		{3A0D393F-53A3-4750-8E16-4EF624A7BD75}.Debug|Any CPU.ActiveCfg = Debug|Any CPU
		{3A0D393F-53A3-4750-8E16-4EF624A7BD75}.Debug|Any CPU.Build.0 = Debug|Any CPU
		{3A0D393F-53A3-4750-8E16-4EF624A7BD75}.Release|Any CPU.ActiveCfg = Release|Any CPU
		{3A0D393F-53A3-4750-8E16-4EF624A7BD75}.Release|Any CPU.Build.0 = Release|Any CPU
	EndGlobalSection
	GlobalSection(SolutionProperties) = preSolution
		HideSolutionNode = FALSE
	EndGlobalSection
	GlobalSection(ExtensibilityGlobals) = postSolution
		SolutionGuid = {EB5CBE17-6569-4BB9-ACAE-DE93529FCF1F}
	EndGlobalSection
EndGlobal
